
Microsoft Visual Studio Solution File, Format Version 12.00
# Visual Studio 15
VisualStudioVersion = 15.0.27130.2036
MinimumVisualStudioVersion = 10.0.40219.1
Project("{FAE04EC0-301F-11D3-BF4B-00C04F79EFBC}") = "ClipboardTranslator", "ClipboardTranslator\ClipboardTranslator.csproj", "{921F50A3-6D3D-4F3D-BE26-B91296ACFCA9}"
EndProject
Project("{FAE04EC0-301F-11D3-BF4B-00C04F79EFBC}") = "ClipboardTranslator.WPF", "ClipboardTranslator.WPF\ClipboardTranslator.WPF.csproj", "{12D9E912-E8A6-42AF-A46A-935C3FB13E1A}"
	ProjectSection(ProjectDependencies) = postProject
		{921F50A3-6D3D-4F3D-BE26-B91296ACFCA9} = {921F50A3-6D3D-4F3D-BE26-B91296ACFCA9}
	EndProjectSection
EndProject
Project("{FAE04EC0-301F-11D3-BF4B-00C04F79EFBC}") = "ClipboardTranslator.Unittest", "ClipboardTranslator.Unittest\ClipboardTranslator.Unittest.csproj", "{7FFF89A2-1C24-49BE-8C5F-0F1FC009C11D}"
EndProject
Global
	GlobalSection(SolutionConfigurationPlatforms) = preSolution
		Debug|Any CPU = Debug|Any CPU
		Release|Any CPU = Release|Any CPU
	EndGlobalSection
	GlobalSection(ProjectConfigurationPlatforms) = postSolution
		{921F50A3-6D3D-4F3D-BE26-B91296ACFCA9}.Debug|Any CPU.ActiveCfg = Debug|Any CPU
		{921F50A3-6D3D-4F3D-BE26-B91296ACFCA9}.Debug|Any CPU.Build.0 = Debug|Any CPU
		{921F50A3-6D3D-4F3D-BE26-B91296ACFCA9}.Release|Any CPU.ActiveCfg = Release|Any CPU
		{921F50A3-6D3D-4F3D-BE26-B91296ACFCA9}.Release|Any CPU.Build.0 = Release|Any CPU
		{12D9E912-E8A6-42AF-A46A-935C3FB13E1A}.Debug|Any CPU.ActiveCfg = Debug|Any CPU
		{12D9E912-E8A6-42AF-A46A-935C3FB13E1A}.Debug|Any CPU.Build.0 = Debug|Any CPU
		{12D9E912-E8A6-42AF-A46A-935C3FB13E1A}.Release|Any CPU.ActiveCfg = Release|Any CPU
		{12D9E912-E8A6-42AF-A46A-935C3FB13E1A}.Release|Any CPU.Build.0 = Release|Any CPU
		{7FFF89A2-1C24-49BE-8C5F-0F1FC009C11D}.Debug|Any CPU.ActiveCfg = Debug|Any CPU
		{7FFF89A2-1C24-49BE-8C5F-0F1FC009C11D}.Debug|Any CPU.Build.0 = Debug|Any CPU
		{7FFF89A2-1C24-49BE-8C5F-0F1FC009C11D}.Release|Any CPU.ActiveCfg = Release|Any CPU
		{7FFF89A2-1C24-49BE-8C5F-0F1FC009C11D}.Release|Any CPU.Build.0 = Release|Any CPU
	EndGlobalSection
	GlobalSection(SolutionProperties) = preSolution
		HideSolutionNode = FALSE
	EndGlobalSection
	GlobalSection(ExtensibilityGlobals) = postSolution
		SolutionGuid = {1A00BD52-3B88-46FE-BD69-D8ACDDDDB241}
	EndGlobalSection
EndGlobal
